
Microsoft Visual Studio Solution File, Format Version 12.00
# Visual Studio Version 17
VisualStudioVersion = 17.3.32825.248
MinimumVisualStudioVersion = 10.0.40219.1
Project("{FAE04EC0-301F-11D3-BF4B-00C04F79EFBC}") = "Sale_System", "Sale_System\Sale_System.csproj", "{4FD7EBAC-A591-463D-AB0F-C3FEFEAB5729}"
EndProject
Project("{FAE04EC0-301F-11D3-BF4B-00C04F79EFBC}") = "Aplication", "Aplication\Aplication.csproj", "{30AEE47F-6D66-43E8-806F-191A3EEADE70}"
EndProject
Project("{FAE04EC0-301F-11D3-BF4B-00C04F79EFBC}") = "Domain", "Domain\Domain.csproj", "{94CC0AE6-FA80-4A11-B037-940FCBBEDF77}"
EndProject
Project("{FAE04EC0-301F-11D3-BF4B-00C04F79EFBC}") = "Infrastructure", "Infrastructure\Infrastructure.csproj", "{0F25A4B6-5C08-471B-9157-EBF6BB368E2D}"
EndProject
Global
	GlobalSection(SolutionConfigurationPlatforms) = preSolution
		Debug|Any CPU = Debug|Any CPU
		Release|Any CPU = Release|Any CPU
	EndGlobalSection
	GlobalSection(ProjectConfigurationPlatforms) = postSolution
		{4FD7EBAC-A591-463D-AB0F-C3FEFEAB5729}.Debug|Any CPU.ActiveCfg = Debug|Any CPU
		{4FD7EBAC-A591-463D-AB0F-C3FEFEAB5729}.Debug|Any CPU.Build.0 = Debug|Any CPU
		{4FD7EBAC-A591-463D-AB0F-C3FEFEAB5729}.Release|Any CPU.ActiveCfg = Release|Any CPU
		{4FD7EBAC-A591-463D-AB0F-C3FEFEAB5729}.Release|Any CPU.Build.0 = Release|Any CPU
		{30AEE47F-6D66-43E8-806F-191A3EEADE70}.Debug|Any CPU.ActiveCfg = Debug|Any CPU
		{30AEE47F-6D66-43E8-806F-191A3EEADE70}.Debug|Any CPU.Build.0 = Debug|Any CPU
		{30AEE47F-6D66-43E8-806F-191A3EEADE70}.Release|Any CPU.ActiveCfg = Release|Any CPU
		{30AEE47F-6D66-43E8-806F-191A3EEADE70}.Release|Any CPU.Build.0 = Release|Any CPU
		{94CC0AE6-FA80-4A11-B037-940FCBBEDF77}.Debug|Any CPU.ActiveCfg = Debug|Any CPU
		{94CC0AE6-FA80-4A11-B037-940FCBBEDF77}.Debug|Any CPU.Build.0 = Debug|Any CPU
		{94CC0AE6-FA80-4A11-B037-940FCBBEDF77}.Release|Any CPU.ActiveCfg = Release|Any CPU
		{94CC0AE6-FA80-4A11-B037-940FCBBEDF77}.Release|Any CPU.Build.0 = Release|Any CPU
		{0F25A4B6-5C08-471B-9157-EBF6BB368E2D}.Debug|Any CPU.ActiveCfg = Debug|Any CPU
		{0F25A4B6-5C08-471B-9157-EBF6BB368E2D}.Debug|Any CPU.Build.0 = Debug|Any CPU
		{0F25A4B6-5C08-471B-9157-EBF6BB368E2D}.Release|Any CPU.ActiveCfg = Release|Any CPU
		{0F25A4B6-5C08-471B-9157-EBF6BB368E2D}.Release|Any CPU.Build.0 = Release|Any CPU
	EndGlobalSection
	GlobalSection(SolutionProperties) = preSolution
		HideSolutionNode = FALSE
	EndGlobalSection
	GlobalSection(ExtensibilityGlobals) = postSolution
		SolutionGuid = {BBCE6233-3004-4094-B24D-A3EFD00E40F3}
	EndGlobalSection
EndGlobal
